{
  "name": "public",
  "requires": true,
  "lockfileVersion": 1,
  "dependencies": {
    "angular": {
      "version": "1.4.9",
      "resolved": "https://registry.npmjs.org/angular/-/angular-1.4.9.tgz",
      "integrity": "sha1-5gyR1puUzxNJzjigT6j5LWAD0qw=",
      "dev": true
    },
    "angular-flash-alert": {
      "version": "2.0.0",
      "resolved": "https://registry.npmjs.org/angular-flash-alert/-/angular-flash-alert-2.0.0.tgz",
      "integrity": "sha1-LD7laYVqMi/l3frOamp7By1rBU0=",
      "dev": true,
      "requires": {
        "angular": "1.4.9"
      }
    },
    "ngstorage": {
      "version": "0.3.10",
      "resolved": "https://registry.npmjs.org/ngstorage/-/ngstorage-0.3.10.tgz",
      "integrity": "sha1-5Tu7EBXDE3XvVsYa097CXRTcQU4=",
      "dev": true
    }
  }
}
